// !$*UTF8*$!
{
	archiveVersion = 1;
	classes = {
	};
	objectVersion = 50;
	objects = {

/* Begin PBXBuildFile section */
		04831F1121A56B85003011C0 /* LocationViewController.swift in Sources */ = {isa = PBXBuildFile; fileRef = 04831F1021A56B85003011C0 /* LocationViewController.swift */; };
		04831F1521A56BEE003011C0 /* ITEMS.swift in Sources */ = {isa = PBXBuildFile; fileRef = 04831F1321A56BEE003011C0 /* ITEMS.swift */; };
		04831F1621A56BEE003011C0 /* SectionModel.swift in Sources */ = {isa = PBXBuildFile; fileRef = 04831F1421A56BEE003011C0 /* SectionModel.swift */; };
		04831F1821A56C10003011C0 /* Location_NewCell.swift in Sources */ = {isa = PBXBuildFile; fileRef = 04831F1721A56C10003011C0 /* Location_NewCell.swift */; };
		04831F1A21A56C9F003011C0 /* CollapsibleTableViewHeader.swift in Sources */ = {isa = PBXBuildFile; fileRef = 04831F1921A56C9F003011C0 /* CollapsibleTableViewHeader.swift */; };
		04C020BA216C7F0700BDAC93 /* Main.storyboard in Resources */ = {isa = PBXBuildFile; fileRef = 04C020B8216C7F0700BDAC93 /* Main.storyboard */; };
		04C020BF216C7F0800BDAC93 /* Assets.xcassets in Resources */ = {isa = PBXBuildFile; fileRef = 04C020BE216C7F0800BDAC93 /* Assets.xcassets */; };
		04C020C2216C7F0800BDAC93 /* LaunchScreen.storyboard in Resources */ = {isa = PBXBuildFile; fileRef = 04C020C0216C7F0800BDAC93 /* LaunchScreen.storyboard */; };
		4B6D6233104514B3C3097E3F /* Pods_Audit.framework in Frameworks */ = {isa = PBXBuildFile; fileRef = 3CAC345540BDA0BD6E50EC6F /* Pods_Audit.framework */; };
		B1186B8621A5302E007888B3 /* Home.storyboard in Resources */ = {isa = PBXBuildFile; fileRef = B1186B8021A5302E007888B3 /* Home.storyboard */; };
		B1186B8721A5302E007888B3 /* UI.storyboard in Resources */ = {isa = PBXBuildFile; fileRef = B1186B8221A5302E007888B3 /* UI.storyboard */; };
		B1186B8821A5302E007888B3 /* BuiltAudit.storyboard in Resources */ = {isa = PBXBuildFile; fileRef = B1186B8421A5302E007888B3 /* BuiltAudit.storyboard */; };
		B1186C1721A53038007888B3 /* ConstantsClass.swift in Sources */ = {isa = PBXBuildFile; fileRef = B1186B8B21A53038007888B3 /* ConstantsClass.swift */; };
		B1186C1821A53038007888B3 /* DateClassFunctions.swift in Sources */ = {isa = PBXBuildFile; fileRef = B1186B8C21A53038007888B3 /* DateClassFunctions.swift */; };
		B1186C1921A53038007888B3 /* Extensions.swift in Sources */ = {isa = PBXBuildFile; fileRef = B1186B8D21A53038007888B3 /* Extensions.swift */; };
		B1186C1A21A53038007888B3 /* FileDownloaderManager.swift in Sources */ = {isa = PBXBuildFile; fileRef = B1186B8E21A53038007888B3 /* FileDownloaderManager.swift */; };
		B1186C1B21A53038007888B3 /* SqliteDB.swift in Sources */ = {isa = PBXBuildFile; fileRef = B1186B8F21A53038007888B3 /* SqliteDB.swift */; };
		B1186C1C21A53038007888B3 /* SupportingFunctions.swift in Sources */ = {isa = PBXBuildFile; fileRef = B1186B9021A53038007888B3 /* SupportingFunctions.swift */; };
		B1186C1D21A53038007888B3 /* ValidationMessages.swift in Sources */ = {isa = PBXBuildFile; fileRef = B1186B9121A53038007888B3 /* ValidationMessages.swift */; };
		B1186C1E21A53038007888B3 /* WebServiceClass.swift in Sources */ = {isa = PBXBuildFile; fileRef = B1186B9221A53038007888B3 /* WebServiceClass.swift */; };
		B1186C1F21A53038007888B3 /* WebServices.swift in Sources */ = {isa = PBXBuildFile; fileRef = B1186B9321A53038007888B3 /* WebServices.swift */; };
		B1186C2021A53038007888B3 /* IQNSArray+Sort.swift in Sources */ = {isa = PBXBuildFile; fileRef = B1186B9721A53038007888B3 /* IQNSArray+Sort.swift */; };
		B1186C2121A53038007888B3 /* IQUIScrollView+Additions.swift in Sources */ = {isa = PBXBuildFile; fileRef = B1186B9821A53038007888B3 /* IQUIScrollView+Additions.swift */; };
		B1186C2221A53038007888B3 /* IQUITextFieldView+Additions.swift in Sources */ = {isa = PBXBuildFile; fileRef = B1186B9921A53038007888B3 /* IQUITextFieldView+Additions.swift */; };
		B1186C2321A53038007888B3 /* IQUIView+Hierarchy.swift in Sources */ = {isa = PBXBuildFile; fileRef = B1186B9A21A53038007888B3 /* IQUIView+Hierarchy.swift */; };
		B1186C2421A53038007888B3 /* IQUIViewController+Additions.swift in Sources */ = {isa = PBXBuildFile; fileRef = B1186B9B21A53038007888B3 /* IQUIViewController+Additions.swift */; };
		B1186C2521A53038007888B3 /* IQUIWindow+Hierarchy.swift in Sources */ = {isa = PBXBuildFile; fileRef = B1186B9C21A53038007888B3 /* IQUIWindow+Hierarchy.swift */; };
		B1186C2621A53038007888B3 /* IQKeyboardManagerConstants.swift in Sources */ = {isa = PBXBuildFile; fileRef = B1186B9E21A53038007888B3 /* IQKeyboardManagerConstants.swift */; };
		B1186C2721A53038007888B3 /* IQKeyboardManagerConstantsInternal.swift in Sources */ = {isa = PBXBuildFile; fileRef = B1186B9F21A53038007888B3 /* IQKeyboardManagerConstantsInternal.swift */; };
		B1186C2821A53038007888B3 /* IQKeyboardManager.swift in Sources */ = {isa = PBXBuildFile; fileRef = B1186BA021A53038007888B3 /* IQKeyboardManager.swift */; };
		B1186C2921A53038007888B3 /* IQKeyboardReturnKeyHandler.swift in Sources */ = {isa = PBXBuildFile; fileRef = B1186BA121A53038007888B3 /* IQKeyboardReturnKeyHandler.swift */; };
		B1186C2A21A53038007888B3 /* IQTextView.swift in Sources */ = {isa = PBXBuildFile; fileRef = B1186BA321A53038007888B3 /* IQTextView.swift */; };
		B1186C2B21A53038007888B3 /* IQBarButtonItem.swift in Sources */ = {isa = PBXBuildFile; fileRef = B1186BA521A53038007888B3 /* IQBarButtonItem.swift */; };
		B1186C2C21A53038007888B3 /* IQPreviousNextView.swift in Sources */ = {isa = PBXBuildFile; fileRef = B1186BA621A53038007888B3 /* IQPreviousNextView.swift */; };
		B1186C2D21A53038007888B3 /* IQTitleBarButtonItem.swift in Sources */ = {isa = PBXBuildFile; fileRef = B1186BA721A53038007888B3 /* IQTitleBarButtonItem.swift */; };
		B1186C2E21A53038007888B3 /* IQToolbar.swift in Sources */ = {isa = PBXBuildFile; fileRef = B1186BA821A53038007888B3 /* IQToolbar.swift */; };
		B1186C2F21A53038007888B3 /* IQUIView+IQKeyboardToolbar.swift in Sources */ = {isa = PBXBuildFile; fileRef = B1186BA921A53038007888B3 /* IQUIView+IQKeyboardToolbar.swift */; };
		B1186C3021A53038007888B3 /* IQKeyboardManager.bundle in Resources */ = {isa = PBXBuildFile; fileRef = B1186BAB21A53038007888B3 /* IQKeyboardManager.bundle */; };
		B1186C3121A53038007888B3 /* LICENSE.md in Resources */ = {isa = PBXBuildFile; fileRef = B1186BAC21A53038007888B3 /* LICENSE.md */; };
		B1186C3321A53038007888B3 /* BundleLocalization.m in Sources */ = {isa = PBXBuildFile; fileRef = B1186BB021A53038007888B3 /* BundleLocalization.m */; };
		B1186C3421A53038007888B3 /* NSBundle+Localization.m in Sources */ = {isa = PBXBuildFile; fileRef = B1186BB221A53038007888B3 /* NSBundle+Localization.m */; };
		B1186C3A21A53039007888B3 /* Alertview.swift in Sources */ = {isa = PBXBuildFile; fileRef = B1186BBA21A53038007888B3 /* Alertview.swift */; };
		B1186C3B21A53039007888B3 /* DesignableTextFiled.swift in Sources */ = {isa = PBXBuildFile; fileRef = B1186BBB21A53038007888B3 /* DesignableTextFiled.swift */; };
		B1186C3C21A53039007888B3 /* view_style.swift in Sources */ = {isa = PBXBuildFile; fileRef = B1186BBC21A53038007888B3 /* view_style.swift */; };
		B1186C3D21A53039007888B3 /* HexColor.swift in Sources */ = {isa = PBXBuildFile; fileRef = B1186BBE21A53038007888B3 /* HexColor.swift */; };
		B1186C3E21A53039007888B3 /* Validation.swift in Sources */ = {isa = PBXBuildFile; fileRef = B1186BBF21A53038007888B3 /* Validation.swift */; };
		B1186C3F21A53039007888B3 /* Localizable.strings in Resources */ = {isa = PBXBuildFile; fileRef = B1186BC121A53038007888B3 /* Localizable.strings */; };
		B1186C4021A53039007888B3 /* AuditAppDB.db in Resources */ = {isa = PBXBuildFile; fileRef = B1186BC521A53038007888B3 /* AuditAppDB.db */; };
		B1186C4121A53039007888B3 /* OpenSans-Bold.ttf in Resources */ = {isa = PBXBuildFile; fileRef = B1186BC821A53038007888B3 /* OpenSans-Bold.ttf */; };
		B1186C4221A53039007888B3 /* OpenSans-ExtraBold.ttf in Resources */ = {isa = PBXBuildFile; fileRef = B1186BC921A53038007888B3 /* OpenSans-ExtraBold.ttf */; };
		B1186C4321A53039007888B3 /* OpenSans-Light.ttf in Resources */ = {isa = PBXBuildFile; fileRef = B1186BCA21A53038007888B3 /* OpenSans-Light.ttf */; };
		B1186C4421A53039007888B3 /* OpenSans-Regular.ttf in Resources */ = {isa = PBXBuildFile; fileRef = B1186BCB21A53038007888B3 /* OpenSans-Regular.ttf */; };
		B1186C4521A53039007888B3 /* OpenSans-SemiBold.ttf in Resources */ = {isa = PBXBuildFile; fileRef = B1186BCC21A53038007888B3 /* OpenSans-SemiBold.ttf */; };
		B1186C4721A53039007888B3 /* AppDelegate.swift in Sources */ = {isa = PBXBuildFile; fileRef = B1186BCF21A53038007888B3 /* AppDelegate.swift */; };
		B1186C4821A53039007888B3 /* BuiltLocationCell.swift in Sources */ = {isa = PBXBuildFile; fileRef = B1186BD121A53038007888B3 /* BuiltLocationCell.swift */; };
		B1186C4921A53039007888B3 /* FileDownloaderCell.swift in Sources */ = {isa = PBXBuildFile; fileRef = B1186BD221A53038007888B3 /* FileDownloaderCell.swift */; };
		B1186C4B21A53039007888B3 /* FolderCountCell.swift in Sources */ = {isa = PBXBuildFile; fileRef = B1186BD421A53038007888B3 /* FolderCountCell.swift */; };
		B1186C4C21A53039007888B3 /* LocationCell.swift in Sources */ = {isa = PBXBuildFile; fileRef = B1186BD521A53038007888B3 /* LocationCell.swift */; };
		B1186C4D21A53039007888B3 /* LocationHeaderView.swift in Sources */ = {isa = PBXBuildFile; fileRef = B1186BD621A53038007888B3 /* LocationHeaderView.swift */; };
		B1186C4E21A53039007888B3 /* MyAuditCell.swift in Sources */ = {isa = PBXBuildFile; fileRef = B1186BD721A53038007888B3 /* MyAuditCell.swift */; };
		B1186C4F21A53039007888B3 /* NotificationCell.swift in Sources */ = {isa = PBXBuildFile; fileRef = B1186BD821A53038007888B3 /* NotificationCell.swift */; };
		B1186C5021A53039007888B3 /* ProfileViewCell.swift in Sources */ = {isa = PBXBuildFile; fileRef = B1186BD921A53038007888B3 /* ProfileViewCell.swift */; };
		B1186C5121A53039007888B3 /* ReportViewCell.swift in Sources */ = {isa = PBXBuildFile; fileRef = B1186BDA21A53038007888B3 /* ReportViewCell.swift */; };
		B1186C5221A53039007888B3 /* SettingsViewCell.swift in Sources */ = {isa = PBXBuildFile; fileRef = B1186BDB21A53038007888B3 /* SettingsViewCell.swift */; };
		B1186C5321A53039007888B3 /* AuditModel.swift in Sources */ = {isa = PBXBuildFile; fileRef = B1186BDD21A53038007888B3 /* AuditModel.swift */; };
		B1186C5421A53039007888B3 /* CategoriesModel.swift in Sources */ = {isa = PBXBuildFile; fileRef = B1186BDE21A53038007888B3 /* CategoriesModel.swift */; };
		B1186C5621A53039007888B3 /* FolderCounterModel.swift in Sources */ = {isa = PBXBuildFile; fileRef = B1186BE021A53038007888B3 /* FolderCounterModel.swift */; };
		B1186C5721A53039007888B3 /* LocationFolderModel.swift in Sources */ = {isa = PBXBuildFile; fileRef = B1186BE121A53038007888B3 /* LocationFolderModel.swift */; };
		B1186C5821A53039007888B3 /* LocationModel.swift in Sources */ = {isa = PBXBuildFile; fileRef = B1186BE221A53038007888B3 /* LocationModel.swift */; };
		B1186C5921A53039007888B3 /* ModuleModel.swift in Sources */ = {isa = PBXBuildFile; fileRef = B1186BE321A53038007888B3 /* ModuleModel.swift */; };
		B1186C5A21A53039007888B3 /* MyAuditListModel.swift in Sources */ = {isa = PBXBuildFile; fileRef = B1186BE421A53038007888B3 /* MyAuditListModel.swift */; };
		B1186C5B21A53039007888B3 /* NotificationModel.swift in Sources */ = {isa = PBXBuildFile; fileRef = B1186BE521A53038007888B3 /* NotificationModel.swift */; };
		B1186C5C21A53039007888B3 /* ReportModel.swift in Sources */ = {isa = PBXBuildFile; fileRef = B1186BE621A53038007888B3 /* ReportModel.swift */; };
		B1186C5D21A53039007888B3 /* SubLocationModel.swift in Sources */ = {isa = PBXBuildFile; fileRef = B1186BE721A53038007888B3 /* SubLocationModel.swift */; };
		B1186C5E21A53039007888B3 /* UserProfileModel.swift in Sources */ = {isa = PBXBuildFile; fileRef = B1186BE821A53038007888B3 /* UserProfileModel.swift */; };
		B1186C5F21A53039007888B3 /* AuditOverViewController.swift in Sources */ = {isa = PBXBuildFile; fileRef = B1186BEB21A53038007888B3 /* AuditOverViewController.swift */; };
		B1186C6021A53039007888B3 /* BuiltAuditViewController.swift in Sources */ = {isa = PBXBuildFile; fileRef = B1186BEC21A53038007888B3 /* BuiltAuditViewController.swift */; };
		B1186C6221A53039007888B3 /* ChangePasswordViewController.swift in Sources */ = {isa = PBXBuildFile; fileRef = B1186BEE21A53038007888B3 /* ChangePasswordViewController.swift */; };
		B1186C6321A53039007888B3 /* ContactUsViewController.swift in Sources */ = {isa = PBXBuildFile; fileRef = B1186BEF21A53038007888B3 /* ContactUsViewController.swift */; };
		B1186C6F21A53039007888B3 /* EditProfileViewController.swift in Sources */ = {isa = PBXBuildFile; fileRef = B1186BFF21A53038007888B3 /* EditProfileViewController.swift */; };
		B1186C7021A53039007888B3 /* ForgotPassword_VC.swift in Sources */ = {isa = PBXBuildFile; fileRef = B1186C0021A53038007888B3 /* ForgotPassword_VC.swift */; };
		B1186C7121A53039007888B3 /* LocationHeaderView.xib in Resources */ = {isa = PBXBuildFile; fileRef = B1186C0121A53038007888B3 /* LocationHeaderView.xib */; };
		B1186C7221A53039007888B3 /* Login_VC.swift in Sources */ = {isa = PBXBuildFile; fileRef = B1186C0221A53038007888B3 /* Login_VC.swift */; };
		B1186C7321A53039007888B3 /* MenuViewController.swift in Sources */ = {isa = PBXBuildFile; fileRef = B1186C0321A53038007888B3 /* MenuViewController.swift */; };
		B1186C7421A53039007888B3 /* NotificationDetailViewController.swift in Sources */ = {isa = PBXBuildFile; fileRef = B1186C0421A53038007888B3 /* NotificationDetailViewController.swift */; };
		B1186C7521A53039007888B3 /* NotificationListViewController.swift in Sources */ = {isa = PBXBuildFile; fileRef = B1186C0521A53038007888B3 /* NotificationListViewController.swift */; };
		B1186C7621A53039007888B3 /* ReportListViewController.swift in Sources */ = {isa = PBXBuildFile; fileRef = B1186C0621A53038007888B3 /* ReportListViewController.swift */; };
		B1186C7721A53039007888B3 /* menu_cell.swift in Sources */ = {isa = PBXBuildFile; fileRef = B1186C0921A53038007888B3 /* menu_cell.swift */; };
		B1186C7921A53039007888B3 /* AuditViewController.swift in Sources */ = {isa = PBXBuildFile; fileRef = B1186C0C21A53038007888B3 /* AuditViewController.swift */; };
		B1186C7A21A53039007888B3 /* ChatListViewController.swift in Sources */ = {isa = PBXBuildFile; fileRef = B1186C0D21A53038007888B3 /* ChatListViewController.swift */; };
		B1186C7B21A53039007888B3 /* DraftsViewController.swift in Sources */ = {isa = PBXBuildFile; fileRef = B1186C0E21A53038007888B3 /* DraftsViewController.swift */; };
		B1186C7C21A53039007888B3 /* Home_VC.swift in Sources */ = {isa = PBXBuildFile; fileRef = B1186C0F21A53038007888B3 /* Home_VC.swift */; };
		B1186C7D21A53039007888B3 /* MediaViewController.swift in Sources */ = {isa = PBXBuildFile; fileRef = B1186C1021A53038007888B3 /* MediaViewController.swift */; };
		B1186C7E21A53039007888B3 /* SettingsViewController.swift in Sources */ = {isa = PBXBuildFile; fileRef = B1186C1121A53038007888B3 /* SettingsViewController.swift */; };
		B1186C7F21A53039007888B3 /* SplitViewController.swift in Sources */ = {isa = PBXBuildFile; fileRef = B1186C1221A53038007888B3 /* SplitViewController.swift */; };
		B1186C8021A53039007888B3 /* TabBarViewController.swift in Sources */ = {isa = PBXBuildFile; fileRef = B1186C1321A53038007888B3 /* TabBarViewController.swift */; };
		B1186C8121A53039007888B3 /* ThankYouViewController.swift in Sources */ = {isa = PBXBuildFile; fileRef = B1186C1421A53038007888B3 /* ThankYouViewController.swift */; };
		B1186C8221A53039007888B3 /* UserProfileViewController.swift in Sources */ = {isa = PBXBuildFile; fileRef = B1186C1521A53038007888B3 /* UserProfileViewController.swift */; };
		B1186C8321A53039007888B3 /* WebContentViewController.swift in Sources */ = {isa = PBXBuildFile; fileRef = B1186C1621A53038007888B3 /* WebContentViewController.swift */; };
/* End PBXBuildFile section */

/* Begin PBXFileReference section */
		04831F1021A56B85003011C0 /* LocationViewController.swift */ = {isa = PBXFileReference; fileEncoding = 4; lastKnownFileType = sourcecode.swift; path = LocationViewController.swift; sourceTree = "<group>"; };
		04831F1321A56BEE003011C0 /* ITEMS.swift */ = {isa = PBXFileReference; fileEncoding = 4; lastKnownFileType = sourcecode.swift; path = ITEMS.swift; sourceTree = "<group>"; };
		04831F1421A56BEE003011C0 /* SectionModel.swift */ = {isa = PBXFileReference; fileEncoding = 4; lastKnownFileType = sourcecode.swift; path = SectionModel.swift; sourceTree = "<group>"; };
		04831F1721A56C10003011C0 /* Location_NewCell.swift */ = {isa = PBXFileReference; fileEncoding = 4; lastKnownFileType = sourcecode.swift; path = Location_NewCell.swift; sourceTree = "<group>"; };
		04831F1921A56C9F003011C0 /* CollapsibleTableViewHeader.swift */ = {isa = PBXFileReference; fileEncoding = 4; lastKnownFileType = sourcecode.swift; path = CollapsibleTableViewHeader.swift; sourceTree = "<group>"; };
		04C020B1216C7F0700BDAC93 /* Audit.app */ = {isa = PBXFileReference; explicitFileType = wrapper.application; includeInIndex = 0; path = Audit.app; sourceTree = BUILT_PRODUCTS_DIR; };
		04C020B9216C7F0700BDAC93 /* Base */ = {isa = PBXFileReference; lastKnownFileType = file.storyboard; name = Base; path = Base.lproj/Main.storyboard; sourceTree = "<group>"; };
		04C020BE216C7F0800BDAC93 /* Assets.xcassets */ = {isa = PBXFileReference; lastKnownFileType = folder.assetcatalog; path = Assets.xcassets; sourceTree = "<group>"; };
		04C020C1216C7F0800BDAC93 /* Base */ = {isa = PBXFileReference; lastKnownFileType = file.storyboard; name = Base; path = Base.lproj/LaunchScreen.storyboard; sourceTree = "<group>"; };
		3CAC345540BDA0BD6E50EC6F /* Pods_Audit.framework */ = {isa = PBXFileReference; explicitFileType = wrapper.framework; includeInIndex = 0; path = Pods_Audit.framework; sourceTree = BUILT_PRODUCTS_DIR; };
		70DED533DCCC1CE85A039CA4 /* Pods-Audit.debug.xcconfig */ = {isa = PBXFileReference; includeInIndex = 1; lastKnownFileType = text.xcconfig; name = "Pods-Audit.debug.xcconfig"; path = "Pods/Target Support Files/Pods-Audit/Pods-Audit.debug.xcconfig"; sourceTree = "<group>"; };
		B1186B8121A5302E007888B3 /* Base */ = {isa = PBXFileReference; lastKnownFileType = file.storyboard; name = Base; path = Base.lproj/Home.storyboard; sourceTree = "<group>"; };
		B1186B8321A5302E007888B3 /* Base */ = {isa = PBXFileReference; lastKnownFileType = file.storyboard; name = Base; path = Base.lproj/UI.storyboard; sourceTree = "<group>"; };
		B1186B8521A5302E007888B3 /* Base */ = {isa = PBXFileReference; lastKnownFileType = file.storyboard; name = Base; path = Base.lproj/BuiltAudit.storyboard; sourceTree = "<group>"; };
		B1186B8B21A53038007888B3 /* ConstantsClass.swift */ = {isa = PBXFileReference; fileEncoding = 4; lastKnownFileType = sourcecode.swift; path = ConstantsClass.swift; sourceTree = "<group>"; };
		B1186B8C21A53038007888B3 /* DateClassFunctions.swift */ = {isa = PBXFileReference; fileEncoding = 4; lastKnownFileType = sourcecode.swift; path = DateClassFunctions.swift; sourceTree = "<group>"; };
		B1186B8D21A53038007888B3 /* Extensions.swift */ = {isa = PBXFileReference; fileEncoding = 4; lastKnownFileType = sourcecode.swift; path = Extensions.swift; sourceTree = "<group>"; };
		B1186B8E21A53038007888B3 /* FileDownloaderManager.swift */ = {isa = PBXFileReference; fileEncoding = 4; lastKnownFileType = sourcecode.swift; path = FileDownloaderManager.swift; sourceTree = "<group>"; };
		B1186B8F21A53038007888B3 /* SqliteDB.swift */ = {isa = PBXFileReference; fileEncoding = 4; lastKnownFileType = sourcecode.swift; path = SqliteDB.swift; sourceTree = "<group>"; };
		B1186B9021A53038007888B3 /* SupportingFunctions.swift */ = {isa = PBXFileReference; fileEncoding = 4; lastKnownFileType = sourcecode.swift; path = SupportingFunctions.swift; sourceTree = "<group>"; };
		B1186B9121A53038007888B3 /* ValidationMessages.swift */ = {isa = PBXFileReference; fileEncoding = 4; lastKnownFileType = sourcecode.swift; path = ValidationMessages.swift; sourceTree = "<group>"; };
		B1186B9221A53038007888B3 /* WebServiceClass.swift */ = {isa = PBXFileReference; fileEncoding = 4; lastKnownFileType = sourcecode.swift; path = WebServiceClass.swift; sourceTree = "<group>"; };
		B1186B9321A53038007888B3 /* WebServices.swift */ = {isa = PBXFileReference; fileEncoding = 4; lastKnownFileType = sourcecode.swift; path = WebServices.swift; sourceTree = "<group>"; };
		B1186B9721A53038007888B3 /* IQNSArray+Sort.swift */ = {isa = PBXFileReference; fileEncoding = 4; lastKnownFileType = sourcecode.swift; path = "IQNSArray+Sort.swift"; sourceTree = "<group>"; };
		B1186B9821A53038007888B3 /* IQUIScrollView+Additions.swift */ = {isa = PBXFileReference; fileEncoding = 4; lastKnownFileType = sourcecode.swift; path = "IQUIScrollView+Additions.swift"; sourceTree = "<group>"; };
		B1186B9921A53038007888B3 /* IQUITextFieldView+Additions.swift */ = {isa = PBXFileReference; fileEncoding = 4; lastKnownFileType = sourcecode.swift; path = "IQUITextFieldView+Additions.swift"; sourceTree = "<group>"; };
		B1186B9A21A53038007888B3 /* IQUIView+Hierarchy.swift */ = {isa = PBXFileReference; fileEncoding = 4; lastKnownFileType = sourcecode.swift; path = "IQUIView+Hierarchy.swift"; sourceTree = "<group>"; };
		B1186B9B21A53038007888B3 /* IQUIViewController+Additions.swift */ = {isa = PBXFileReference; fileEncoding = 4; lastKnownFileType = sourcecode.swift; path = "IQUIViewController+Additions.swift"; sourceTree = "<group>"; };
		B1186B9C21A53038007888B3 /* IQUIWindow+Hierarchy.swift */ = {isa = PBXFileReference; fileEncoding = 4; lastKnownFileType = sourcecode.swift; path = "IQUIWindow+Hierarchy.swift"; sourceTree = "<group>"; };
		B1186B9E21A53038007888B3 /* IQKeyboardManagerConstants.swift */ = {isa = PBXFileReference; fileEncoding = 4; lastKnownFileType = sourcecode.swift; path = IQKeyboardManagerConstants.swift; sourceTree = "<group>"; };
		B1186B9F21A53038007888B3 /* IQKeyboardManagerConstantsInternal.swift */ = {isa = PBXFileReference; fileEncoding = 4; lastKnownFileType = sourcecode.swift; path = IQKeyboardManagerConstantsInternal.swift; sourceTree = "<group>"; };
		B1186BA021A53038007888B3 /* IQKeyboardManager.swift */ = {isa = PBXFileReference; fileEncoding = 4; lastKnownFileType = sourcecode.swift; path = IQKeyboardManager.swift; sourceTree = "<group>"; };
		B1186BA121A53038007888B3 /* IQKeyboardReturnKeyHandler.swift */ = {isa = PBXFileReference; fileEncoding = 4; lastKnownFileType = sourcecode.swift; path = IQKeyboardReturnKeyHandler.swift; sourceTree = "<group>"; };
		B1186BA321A53038007888B3 /* IQTextView.swift */ = {isa = PBXFileReference; fileEncoding = 4; lastKnownFileType = sourcecode.swift; path = IQTextView.swift; sourceTree = "<group>"; };
		B1186BA521A53038007888B3 /* IQBarButtonItem.swift */ = {isa = PBXFileReference; fileEncoding = 4; lastKnownFileType = sourcecode.swift; path = IQBarButtonItem.swift; sourceTree = "<group>"; };
		B1186BA621A53038007888B3 /* IQPreviousNextView.swift */ = {isa = PBXFileReference; fileEncoding = 4; lastKnownFileType = sourcecode.swift; path = IQPreviousNextView.swift; sourceTree = "<group>"; };
		B1186BA721A53038007888B3 /* IQTitleBarButtonItem.swift */ = {isa = PBXFileReference; fileEncoding = 4; lastKnownFileType = sourcecode.swift; path = IQTitleBarButtonItem.swift; sourceTree = "<group>"; };
		B1186BA821A53038007888B3 /* IQToolbar.swift */ = {isa = PBXFileReference; fileEncoding = 4; lastKnownFileType = sourcecode.swift; path = IQToolbar.swift; sourceTree = "<group>"; };
		B1186BA921A53038007888B3 /* IQUIView+IQKeyboardToolbar.swift */ = {isa = PBXFileReference; fileEncoding = 4; lastKnownFileType = sourcecode.swift; path = "IQUIView+IQKeyboardToolbar.swift"; sourceTree = "<group>"; };
		B1186BAB21A53038007888B3 /* IQKeyboardManager.bundle */ = {isa = PBXFileReference; lastKnownFileType = "wrapper.plug-in"; path = IQKeyboardManager.bundle; sourceTree = "<group>"; };
		B1186BAC21A53038007888B3 /* LICENSE.md */ = {isa = PBXFileReference; fileEncoding = 4; lastKnownFileType = net.daringfireball.markdown; path = LICENSE.md; sourceTree = "<group>"; };
		B1186BAF21A53038007888B3 /* BundleLocalization.h */ = {isa = PBXFileReference; fileEncoding = 4; lastKnownFileType = sourcecode.c.h; path = BundleLocalization.h; sourceTree = "<group>"; };
		B1186BB021A53038007888B3 /* BundleLocalization.m */ = {isa = PBXFileReference; fileEncoding = 4; lastKnownFileType = sourcecode.c.objc; path = BundleLocalization.m; sourceTree = "<group>"; };
		B1186BB121A53038007888B3 /* NSBundle+Localization.h */ = {isa = PBXFileReference; fileEncoding = 4; lastKnownFileType = sourcecode.c.h; path = "NSBundle+Localization.h"; sourceTree = "<group>"; };
		B1186BB221A53038007888B3 /* NSBundle+Localization.m */ = {isa = PBXFileReference; fileEncoding = 4; lastKnownFileType = sourcecode.c.objc; path = "NSBundle+Localization.m"; sourceTree = "<group>"; };
		B1186BBA21A53038007888B3 /* Alertview.swift */ = {isa = PBXFileReference; fileEncoding = 4; lastKnownFileType = sourcecode.swift; path = Alertview.swift; sourceTree = "<group>"; };
		B1186BBB21A53038007888B3 /* DesignableTextFiled.swift */ = {isa = PBXFileReference; fileEncoding = 4; lastKnownFileType = sourcecode.swift; path = DesignableTextFiled.swift; sourceTree = "<group>"; };
		B1186BBC21A53038007888B3 /* view_style.swift */ = {isa = PBXFileReference; fileEncoding = 4; lastKnownFileType = sourcecode.swift; path = view_style.swift; sourceTree = "<group>"; };
		B1186BBE21A53038007888B3 /* HexColor.swift */ = {isa = PBXFileReference; fileEncoding = 4; lastKnownFileType = sourcecode.swift; path = HexColor.swift; sourceTree = "<group>"; };
		B1186BBF21A53038007888B3 /* Validation.swift */ = {isa = PBXFileReference; fileEncoding = 4; lastKnownFileType = sourcecode.swift; path = Validation.swift; sourceTree = "<group>"; };
		B1186BC221A53038007888B3 /* ar */ = {isa = PBXFileReference; lastKnownFileType = text.plist.strings; name = ar; path = ar.lproj/Localizable.strings; sourceTree = "<group>"; };
		B1186BC321A53038007888B3 /* Audit-Bridging-Header.h */ = {isa = PBXFileReference; fileEncoding = 4; lastKnownFileType = sourcecode.c.h; path = "Audit-Bridging-Header.h"; sourceTree = "<group>"; };
		B1186BC521A53038007888B3 /* AuditAppDB.db */ = {isa = PBXFileReference; lastKnownFileType = file; path = AuditAppDB.db; sourceTree = "<group>"; };
		B1186BC621A53038007888B3 /* en */ = {isa = PBXFileReference; lastKnownFileType = text.plist.strings; name = en; path = en.lproj/Localizable.strings; sourceTree = "<group>"; };
		B1186BC821A53038007888B3 /* OpenSans-Bold.ttf */ = {isa = PBXFileReference; lastKnownFileType = file; path = "OpenSans-Bold.ttf"; sourceTree = "<group>"; };
		B1186BC921A53038007888B3 /* OpenSans-ExtraBold.ttf */ = {isa = PBXFileReference; lastKnownFileType = file; path = "OpenSans-ExtraBold.ttf"; sourceTree = "<group>"; };
		B1186BCA21A53038007888B3 /* OpenSans-Light.ttf */ = {isa = PBXFileReference; lastKnownFileType = file; path = "OpenSans-Light.ttf"; sourceTree = "<group>"; };
		B1186BCB21A53038007888B3 /* OpenSans-Regular.ttf */ = {isa = PBXFileReference; lastKnownFileType = file; path = "OpenSans-Regular.ttf"; sourceTree = "<group>"; };
		B1186BCC21A53038007888B3 /* OpenSans-SemiBold.ttf */ = {isa = PBXFileReference; lastKnownFileType = file; path = "OpenSans-SemiBold.ttf"; sourceTree = "<group>"; };
		B1186BCD21A53038007888B3 /* Info.plist */ = {isa = PBXFileReference; fileEncoding = 4; lastKnownFileType = text.plist.xml; path = Info.plist; sourceTree = "<group>"; };
		B1186BCF21A53038007888B3 /* AppDelegate.swift */ = {isa = PBXFileReference; fileEncoding = 4; lastKnownFileType = sourcecode.swift; path = AppDelegate.swift; sourceTree = "<group>"; };
		B1186BD121A53038007888B3 /* BuiltLocationCell.swift */ = {isa = PBXFileReference; fileEncoding = 4; lastKnownFileType = sourcecode.swift; path = BuiltLocationCell.swift; sourceTree = "<group>"; };
		B1186BD221A53038007888B3 /* FileDownloaderCell.swift */ = {isa = PBXFileReference; fileEncoding = 4; lastKnownFileType = sourcecode.swift; path = FileDownloaderCell.swift; sourceTree = "<group>"; };
		B1186BD421A53038007888B3 /* FolderCountCell.swift */ = {isa = PBXFileReference; fileEncoding = 4; lastKnownFileType = sourcecode.swift; path = FolderCountCell.swift; sourceTree = "<group>"; };
		B1186BD521A53038007888B3 /* LocationCell.swift */ = {isa = PBXFileReference; fileEncoding = 4; lastKnownFileType = sourcecode.swift; path = LocationCell.swift; sourceTree = "<group>"; };
		B1186BD621A53038007888B3 /* LocationHeaderView.swift */ = {isa = PBXFileReference; fileEncoding = 4; lastKnownFileType = sourcecode.swift; path = LocationHeaderView.swift; sourceTree = "<group>"; };
		B1186BD721A53038007888B3 /* MyAuditCell.swift */ = {isa = PBXFileReference; fileEncoding = 4; lastKnownFileType = sourcecode.swift; path = MyAuditCell.swift; sourceTree = "<group>"; };
		B1186BD821A53038007888B3 /* NotificationCell.swift */ = {isa = PBXFileReference; fileEncoding = 4; lastKnownFileType = sourcecode.swift; path = NotificationCell.swift; sourceTree = "<group>"; };
		B1186BD921A53038007888B3 /* ProfileViewCell.swift */ = {isa = PBXFileReference; fileEncoding = 4; lastKnownFileType = sourcecode.swift; path = ProfileViewCell.swift; sourceTree = "<group>"; };
		B1186BDA21A53038007888B3 /* ReportViewCell.swift */ = {isa = PBXFileReference; fileEncoding = 4; lastKnownFileType = sourcecode.swift; path = ReportViewCell.swift; sourceTree = "<group>"; };
		B1186BDB21A53038007888B3 /* SettingsViewCell.swift */ = {isa = PBXFileReference; fileEncoding = 4; lastKnownFileType = sourcecode.swift; path = SettingsViewCell.swift; sourceTree = "<group>"; };
		B1186BDD21A53038007888B3 /* AuditModel.swift */ = {isa = PBXFileReference; fileEncoding = 4; lastKnownFileType = sourcecode.swift; path = AuditModel.swift; sourceTree = "<group>"; };
		B1186BDE21A53038007888B3 /* CategoriesModel.swift */ = {isa = PBXFileReference; fileEncoding = 4; lastKnownFileType = sourcecode.swift; path = CategoriesModel.swift; sourceTree = "<group>"; };
		B1186BE021A53038007888B3 /* FolderCounterModel.swift */ = {isa = PBXFileReference; fileEncoding = 4; lastKnownFileType = sourcecode.swift; path = FolderCounterModel.swift; sourceTree = "<group>"; };
		B1186BE121A53038007888B3 /* LocationFolderModel.swift */ = {isa = PBXFileReference; fileEncoding = 4; lastKnownFileType = sourcecode.swift; path = LocationFolderModel.swift; sourceTree = "<group>"; };
		B1186BE221A53038007888B3 /* LocationModel.swift */ = {isa = PBXFileReference; fileEncoding = 4; lastKnownFileType = sourcecode.swift; path = LocationModel.swift; sourceTree = "<group>"; };
		B1186BE321A53038007888B3 /* ModuleModel.swift */ = {isa = PBXFileReference; fileEncoding = 4; lastKnownFileType = sourcecode.swift; path = ModuleModel.swift; sourceTree = "<group>"; };
		B1186BE421A53038007888B3 /* MyAuditListModel.swift */ = {isa = PBXFileReference; fileEncoding = 4; lastKnownFileType = sourcecode.swift; path = MyAuditListModel.swift; sourceTree = "<group>"; };
		B1186BE521A53038007888B3 /* NotificationModel.swift */ = {isa = PBXFileReference; fileEncoding = 4; lastKnownFileType = sourcecode.swift; path = NotificationModel.swift; sourceTree = "<group>"; };
		B1186BE621A53038007888B3 /* ReportModel.swift */ = {isa = PBXFileReference; fileEncoding = 4; lastKnownFileType = sourcecode.swift; path = ReportModel.swift; sourceTree = "<group>"; };
		B1186BE721A53038007888B3 /* SubLocationModel.swift */ = {isa = PBXFileReference; fileEncoding = 4; lastKnownFileType = sourcecode.swift; path = SubLocationModel.swift; sourceTree = "<group>"; };
		B1186BE821A53038007888B3 /* UserProfileModel.swift */ = {isa = PBXFileReference; fileEncoding = 4; lastKnownFileType = sourcecode.swift; path = UserProfileModel.swift; sourceTree = "<group>"; };
		B1186BEB21A53038007888B3 /* AuditOverViewController.swift */ = {isa = PBXFileReference; fileEncoding = 4; lastKnownFileType = sourcecode.swift; path = AuditOverViewController.swift; sourceTree = "<group>"; };
		B1186BEC21A53038007888B3 /* BuiltAuditViewController.swift */ = {isa = PBXFileReference; fileEncoding = 4; lastKnownFileType = sourcecode.swift; path = BuiltAuditViewController.swift; sourceTree = "<group>"; };
		B1186BEE21A53038007888B3 /* ChangePasswordViewController.swift */ = {isa = PBXFileReference; fileEncoding = 4; lastKnownFileType = sourcecode.swift; path = ChangePasswordViewController.swift; sourceTree = "<group>"; };
		B1186BEF21A53038007888B3 /* ContactUsViewController.swift */ = {isa = PBXFileReference; fileEncoding = 4; lastKnownFileType = sourcecode.swift; path = ContactUsViewController.swift; sourceTree = "<group>"; };
		B1186BFF21A53038007888B3 /* EditProfileViewController.swift */ = {isa = PBXFileReference; fileEncoding = 4; lastKnownFileType = sourcecode.swift; path = EditProfileViewController.swift; sourceTree = "<group>"; };
		B1186C0021A53038007888B3 /* ForgotPassword_VC.swift */ = {isa = PBXFileReference; fileEncoding = 4; lastKnownFileType = sourcecode.swift; path = ForgotPassword_VC.swift; sourceTree = "<group>"; };
		B1186C0121A53038007888B3 /* LocationHeaderView.xib */ = {isa = PBXFileReference; fileEncoding = 4; lastKnownFileType = file.xib; path = LocationHeaderView.xib; sourceTree = "<group>"; };
		B1186C0221A53038007888B3 /* Login_VC.swift */ = {isa = PBXFileReference; fileEncoding = 4; lastKnownFileType = sourcecode.swift; path = Login_VC.swift; sourceTree = "<group>"; };
		B1186C0321A53038007888B3 /* MenuViewController.swift */ = {isa = PBXFileReference; fileEncoding = 4; lastKnownFileType = sourcecode.swift; path = MenuViewController.swift; sourceTree = "<group>"; };
		B1186C0421A53038007888B3 /* NotificationDetailViewController.swift */ = {isa = PBXFileReference; fileEncoding = 4; lastKnownFileType = sourcecode.swift; path = NotificationDetailViewController.swift; sourceTree = "<group>"; };
		B1186C0521A53038007888B3 /* NotificationListViewController.swift */ = {isa = PBXFileReference; fileEncoding = 4; lastKnownFileType = sourcecode.swift; path = NotificationListViewController.swift; sourceTree = "<group>"; };
		B1186C0621A53038007888B3 /* ReportListViewController.swift */ = {isa = PBXFileReference; fileEncoding = 4; lastKnownFileType = sourcecode.swift; path = ReportListViewController.swift; sourceTree = "<group>"; };
		B1186C0921A53038007888B3 /* menu_cell.swift */ = {isa = PBXFileReference; fileEncoding = 4; lastKnownFileType = sourcecode.swift; path = menu_cell.swift; sourceTree = "<group>"; };
		B1186C0C21A53038007888B3 /* AuditViewController.swift */ = {isa = PBXFileReference; fileEncoding = 4; lastKnownFileType = sourcecode.swift; path = AuditViewController.swift; sourceTree = "<group>"; };
		B1186C0D21A53038007888B3 /* ChatListViewController.swift */ = {isa = PBXFileReference; fileEncoding = 4; lastKnownFileType = sourcecode.swift; path = ChatListViewController.swift; sourceTree = "<group>"; };
		B1186C0E21A53038007888B3 /* DraftsViewController.swift */ = {isa = PBXFileReference; fileEncoding = 4; lastKnownFileType = sourcecode.swift; path = DraftsViewController.swift; sourceTree = "<group>"; };
		B1186C0F21A53038007888B3 /* Home_VC.swift */ = {isa = PBXFileReference; fileEncoding = 4; lastKnownFileType = sourcecode.swift; path = Home_VC.swift; sourceTree = "<group>"; };
		B1186C1021A53038007888B3 /* MediaViewController.swift */ = {isa = PBXFileReference; fileEncoding = 4; lastKnownFileType = sourcecode.swift; path = MediaViewController.swift; sourceTree = "<group>"; };
		B1186C1121A53038007888B3 /* SettingsViewController.swift */ = {isa = PBXFileReference; fileEncoding = 4; lastKnownFileType = sourcecode.swift; path = SettingsViewController.swift; sourceTree = "<group>"; };
		B1186C1221A53038007888B3 /* SplitViewController.swift */ = {isa = PBXFileReference; fileEncoding = 4; lastKnownFileType = sourcecode.swift; path = SplitViewController.swift; sourceTree = "<group>"; };
		B1186C1321A53038007888B3 /* TabBarViewController.swift */ = {isa = PBXFileReference; fileEncoding = 4; lastKnownFileType = sourcecode.swift; path = TabBarViewController.swift; sourceTree = "<group>"; };
		B1186C1421A53038007888B3 /* ThankYouViewController.swift */ = {isa = PBXFileReference; fileEncoding = 4; lastKnownFileType = sourcecode.swift; path = ThankYouViewController.swift; sourceTree = "<group>"; };
		B1186C1521A53038007888B3 /* UserProfileViewController.swift */ = {isa = PBXFileReference; fileEncoding = 4; lastKnownFileType = sourcecode.swift; path = UserProfileViewController.swift; sourceTree = "<group>"; };
		B1186C1621A53038007888B3 /* WebContentViewController.swift */ = {isa = PBXFileReference; fileEncoding = 4; lastKnownFileType = sourcecode.swift; path = WebContentViewController.swift; sourceTree = "<group>"; };
		B1186C8421A5596A007888B3 /* Audit.entitlements */ = {isa = PBXFileReference; lastKnownFileType = text.plist.entitlements; path = Audit.entitlements; sourceTree = "<group>"; };
		CCDA1F77CF4C707AB4BC6CF2 /* Pods-Audit.release.xcconfig */ = {isa = PBXFileReference; includeInIndex = 1; lastKnownFileType = text.xcconfig; name = "Pods-Audit.release.xcconfig"; path = "Pods/Target Support Files/Pods-Audit/Pods-Audit.release.xcconfig"; sourceTree = "<group>"; };
/* End PBXFileReference section */

/* Begin PBXFrameworksBuildPhase section */
		04C020AE216C7F0700BDAC93 /* Frameworks */ = {
			isa = PBXFrameworksBuildPhase;
			buildActionMask = 2147483647;
			files = (
				4B6D6233104514B3C3097E3F /* Pods_Audit.framework in Frameworks */,
			);
			runOnlyForDeploymentPostprocessing = 0;
		};
/* End PBXFrameworksBuildPhase section */

/* Begin PBXGroup section */
		04C020A8216C7F0700BDAC93 = {
			isa = PBXGroup;
			children = (
				04C020B3216C7F0700BDAC93 /* Audit */,
				04C020B2216C7F0700BDAC93 /* Products */,
				823987A9BC9D2EA1F3924D4A /* Pods */,
				EB90BE0C4BF3F685611685B5 /* Frameworks */,
			);
			sourceTree = "<group>";
		};
		04C020B2216C7F0700BDAC93 /* Products */ = {
			isa = PBXGroup;
			children = (
				04C020B1216C7F0700BDAC93 /* Audit.app */,
			);
			name = Products;
			sourceTree = "<group>";
		};
		04C020B3216C7F0700BDAC93 /* Audit */ = {
			isa = PBXGroup;
			children = (
				B1186C8421A5596A007888B3 /* Audit.entitlements */,
				04C020BE216C7F0800BDAC93 /* Assets.xcassets */,
				B1186B8421A5302E007888B3 /* BuiltAudit.storyboard */,
				B1186B8021A5302E007888B3 /* Home.storyboard */,
				B1186B8221A5302E007888B3 /* UI.storyboard */,
				04C020C0216C7F0800BDAC93 /* LaunchScreen.storyboard */,
				04C020B8216C7F0700BDAC93 /* Main.storyboard */,
				B1186BCE21A53038007888B3 /* Classes */,
				B1186B8921A53038007888B3 /* Supporting Classes */,
				B1186BC021A53038007888B3 /* Supporting Files */,
			);
			path = Audit;
			sourceTree = "<group>";
		};
		823987A9BC9D2EA1F3924D4A /* Pods */ = {
			isa = PBXGroup;
			children = (
				70DED533DCCC1CE85A039CA4 /* Pods-Audit.debug.xcconfig */,
				CCDA1F77CF4C707AB4BC6CF2 /* Pods-Audit.release.xcconfig */,
			);
			name = Pods;
			sourceTree = "<group>";
		};
		B1186B8921A53038007888B3 /* Supporting Classes */ = {
			isa = PBXGroup;
			children = (
				B1186B8A21A53038007888B3 /* Important Classes */,
				B1186B9421A53038007888B3 /* IQKeyboardManagerSwift */,
				B1186BAE21A53038007888B3 /* Localization */,
				B1186BB421A53038007888B3 /* SideMenu_Collapse */,
				B1186BB921A53038007888B3 /* Styles */,
				B1186BBD21A53038007888B3 /* Utils */,
			);
			path = "Supporting Classes";
			sourceTree = "<group>";
		};
		B1186B8A21A53038007888B3 /* Important Classes */ = {
			isa = PBXGroup;
			children = (
				B1186B8B21A53038007888B3 /* ConstantsClass.swift */,
				B1186B8C21A53038007888B3 /* DateClassFunctions.swift */,
				B1186B8D21A53038007888B3 /* Extensions.swift */,
				B1186B8E21A53038007888B3 /* FileDownloaderManager.swift */,
				B1186B8F21A53038007888B3 /* SqliteDB.swift */,
				B1186B9021A53038007888B3 /* SupportingFunctions.swift */,
				B1186B9121A53038007888B3 /* ValidationMessages.swift */,
				B1186B9221A53038007888B3 /* WebServiceClass.swift */,
				B1186B9321A53038007888B3 /* WebServices.swift */,
			);
			path = "Important Classes";
			sourceTree = "<group>";
		};
		B1186B9421A53038007888B3 /* IQKeyboardManagerSwift */ = {
			isa = PBXGroup;
			children = (
				B1186B9521A53038007888B3 /* IQKeyboardManagerSwift */,
				B1186BAC21A53038007888B3 /* LICENSE.md */,
			);
			path = IQKeyboardManagerSwift;
			sourceTree = "<group>";
		};
		B1186B9521A53038007888B3 /* IQKeyboardManagerSwift */ = {
			isa = PBXGroup;
			children = (
				B1186B9621A53038007888B3 /* Categories */,
				B1186B9D21A53038007888B3 /* Constants */,
				B1186BA021A53038007888B3 /* IQKeyboardManager.swift */,
				B1186BA121A53038007888B3 /* IQKeyboardReturnKeyHandler.swift */,
				B1186BA221A53038007888B3 /* IQTextView */,
				B1186BA421A53038007888B3 /* IQToolbar */,
				B1186BAA21A53038007888B3 /* Resources */,
			);
			path = IQKeyboardManagerSwift;
			sourceTree = "<group>";
		};
		B1186B9621A53038007888B3 /* Categories */ = {
			isa = PBXGroup;
			children = (
				B1186B9721A53038007888B3 /* IQNSArray+Sort.swift */,
				B1186B9821A53038007888B3 /* IQUIScrollView+Additions.swift */,
				B1186B9921A53038007888B3 /* IQUITextFieldView+Additions.swift */,
				B1186B9A21A53038007888B3 /* IQUIView+Hierarchy.swift */,
				B1186B9B21A53038007888B3 /* IQUIViewController+Additions.swift */,
				B1186B9C21A53038007888B3 /* IQUIWindow+Hierarchy.swift */,
			);
			path = Categories;
			sourceTree = "<group>";
		};
		B1186B9D21A53038007888B3 /* Constants */ = {
			isa = PBXGroup;
			children = (
				B1186B9E21A53038007888B3 /* IQKeyboardManagerConstants.swift */,
				B1186B9F21A53038007888B3 /* IQKeyboardManagerConstantsInternal.swift */,
			);
			path = Constants;
			sourceTree = "<group>";
		};
		B1186BA221A53038007888B3 /* IQTextView */ = {
			isa = PBXGroup;
			children = (
				B1186BA321A53038007888B3 /* IQTextView.swift */,
			);
			path = IQTextView;
			sourceTree = "<group>";
		};
		B1186BA421A53038007888B3 /* IQToolbar */ = {
			isa = PBXGroup;
			children = (
				B1186BA521A53038007888B3 /* IQBarButtonItem.swift */,
				B1186BA621A53038007888B3 /* IQPreviousNextView.swift */,
				B1186BA721A53038007888B3 /* IQTitleBarButtonItem.swift */,
				B1186BA821A53038007888B3 /* IQToolbar.swift */,
				B1186BA921A53038007888B3 /* IQUIView+IQKeyboardToolbar.swift */,
			);
			path = IQToolbar;
			sourceTree = "<group>";
		};
		B1186BAA21A53038007888B3 /* Resources */ = {
			isa = PBXGroup;
			children = (
				B1186BAB21A53038007888B3 /* IQKeyboardManager.bundle */,
			);
			path = Resources;
			sourceTree = "<group>";
		};
		B1186BAE21A53038007888B3 /* Localization */ = {
			isa = PBXGroup;
			children = (
				B1186BAF21A53038007888B3 /* BundleLocalization.h */,
				B1186BB021A53038007888B3 /* BundleLocalization.m */,
				B1186BB121A53038007888B3 /* NSBundle+Localization.h */,
				B1186BB221A53038007888B3 /* NSBundle+Localization.m */,
			);
			path = Localization;
			sourceTree = "<group>";
		};
		B1186BB421A53038007888B3 /* SideMenu_Collapse */ = {
			isa = PBXGroup;
			children = (
				04831F1921A56C9F003011C0 /* CollapsibleTableViewHeader.swift */,
			);
			path = SideMenu_Collapse;
			sourceTree = "<group>";
		};
		B1186BB921A53038007888B3 /* Styles */ = {
			isa = PBXGroup;
			children = (
				B1186BBA21A53038007888B3 /* Alertview.swift */,
				B1186BBB21A53038007888B3 /* DesignableTextFiled.swift */,
				B1186BBC21A53038007888B3 /* view_style.swift */,
			);
			path = Styles;
			sourceTree = "<group>";
		};
		B1186BBD21A53038007888B3 /* Utils */ = {
			isa = PBXGroup;
			children = (
				B1186BBE21A53038007888B3 /* HexColor.swift */,
				B1186BBF21A53038007888B3 /* Validation.swift */,
			);
			path = Utils;
			sourceTree = "<group>";
		};
		B1186BC021A53038007888B3 /* Supporting Files */ = {
			isa = PBXGroup;
			children = (
				B1186BC321A53038007888B3 /* Audit-Bridging-Header.h */,
				B1186BCD21A53038007888B3 /* Info.plist */,
				B1186BC421A53038007888B3 /* DataBaseFolder */,
				B1186BC721A53038007888B3 /* font */,
				B1186BC121A53038007888B3 /* Localizable.strings */,
			);
			path = "Supporting Files";
			sourceTree = "<group>";
		};
		B1186BC421A53038007888B3 /* DataBaseFolder */ = {
			isa = PBXGroup;
			children = (
				B1186BC521A53038007888B3 /* AuditAppDB.db */,
			);
			path = DataBaseFolder;
			sourceTree = "<group>";
		};
		B1186BC721A53038007888B3 /* font */ = {
			isa = PBXGroup;
			children = (
				B1186BC821A53038007888B3 /* OpenSans-Bold.ttf */,
				B1186BC921A53038007888B3 /* OpenSans-ExtraBold.ttf */,
				B1186BCA21A53038007888B3 /* OpenSans-Light.ttf */,
				B1186BCB21A53038007888B3 /* OpenSans-Regular.ttf */,
				B1186BCC21A53038007888B3 /* OpenSans-SemiBold.ttf */,
			);
			path = font;
			sourceTree = "<group>";
		};
		B1186BCE21A53038007888B3 /* Classes */ = {
			isa = PBXGroup;
			children = (
				B1186BCF21A53038007888B3 /* AppDelegate.swift */,
				B1186BD021A53038007888B3 /* Custom Cells */,
				B1186BDC21A53038007888B3 /* Models */,
				B1186BE921A53038007888B3 /* View Controllers */,
			);
			path = Classes;
			sourceTree = "<group>";
		};
		B1186BD021A53038007888B3 /* Custom Cells */ = {
			isa = PBXGroup;
			children = (
				04831F1721A56C10003011C0 /* Location_NewCell.swift */,
				B1186BD121A53038007888B3 /* BuiltLocationCell.swift */,
				B1186BD221A53038007888B3 /* FileDownloaderCell.swift */,
				B1186BD421A53038007888B3 /* FolderCountCell.swift */,
				B1186BD521A53038007888B3 /* LocationCell.swift */,
				B1186BD621A53038007888B3 /* LocationHeaderView.swift */,
				B1186BD721A53038007888B3 /* MyAuditCell.swift */,
				B1186BD821A53038007888B3 /* NotificationCell.swift */,
				B1186BD921A53038007888B3 /* ProfileViewCell.swift */,
				B1186BDA21A53038007888B3 /* ReportViewCell.swift */,
				B1186C0921A53038007888B3 /* menu_cell.swift */,
				B1186BDB21A53038007888B3 /* SettingsViewCell.swift */,
			);
			path = "Custom Cells";
			sourceTree = "<group>";
		};
		B1186BDC21A53038007888B3 /* Models */ = {
			isa = PBXGroup;
			children = (
				04831F1421A56BEE003011C0 /* SectionModel.swift */,
				04831F1321A56BEE003011C0 /* ITEMS.swift */,
				B1186BDD21A53038007888B3 /* AuditModel.swift */,
				B1186BDE21A53038007888B3 /* CategoriesModel.swift */,
				B1186BE021A53038007888B3 /* FolderCounterModel.swift */,
				B1186BE121A53038007888B3 /* LocationFolderModel.swift */,
				B1186BE221A53038007888B3 /* LocationModel.swift */,
				B1186BE321A53038007888B3 /* ModuleModel.swift */,
				B1186BE421A53038007888B3 /* MyAuditListModel.swift */,
				B1186BE521A53038007888B3 /* NotificationModel.swift */,
				B1186BE621A53038007888B3 /* ReportModel.swift */,
				B1186BE721A53038007888B3 /* SubLocationModel.swift */,
				B1186BE821A53038007888B3 /* UserProfileModel.swift */,
			);
			path = Models;
			sourceTree = "<group>";
		};
		B1186BE921A53038007888B3 /* View Controllers */ = {
			isa = PBXGroup;
			children = (
				B1186BEE21A53038007888B3 /* ChangePasswordViewController.swift */,
				B1186BEF21A53038007888B3 /* ContactUsViewController.swift */,
				B1186BFF21A53038007888B3 /* EditProfileViewController.swift */,
				B1186C0021A53038007888B3 /* ForgotPassword_VC.swift */,
				B1186C0221A53038007888B3 /* Login_VC.swift */,
				B1186C0321A53038007888B3 /* MenuViewController.swift */,
				B1186C0421A53038007888B3 /* NotificationDetailViewController.swift */,
				B1186C0521A53038007888B3 /* NotificationListViewController.swift */,
				B1186C0621A53038007888B3 /* ReportListViewController.swift */,
				B1186C1421A53038007888B3 /* ThankYouViewController.swift */,
				B1186C1521A53038007888B3 /* UserProfileViewController.swift */,
				B1186C1621A53038007888B3 /* WebContentViewController.swift */,
				B1186C0121A53038007888B3 /* LocationHeaderView.xib */,
				B1186BEA21A53038007888B3 /* Built Audit */,
				B1186C0B21A53038007888B3 /* TabBar Classes */,
			);
			path = "View Controllers";
			sourceTree = "<group>";
		};
		B1186BEA21A53038007888B3 /* Built Audit */ = {
			isa = PBXGroup;
			children = (
				04831F1021A56B85003011C0 /* LocationViewController.swift */,
				B1186BEC21A53038007888B3 /* BuiltAuditViewController.swift */,
				B1186BEB21A53038007888B3 /* AuditOverViewController.swift */,
			);
			path = "Built Audit";
			sourceTree = "<group>";
		};
		B1186C0B21A53038007888B3 /* TabBar Classes */ = {
			isa = PBXGroup;
			children = (
				B1186C0C21A53038007888B3 /* AuditViewController.swift */,
				B1186C0D21A53038007888B3 /* ChatListViewController.swift */,
				B1186C0E21A53038007888B3 /* DraftsViewController.swift */,
				B1186C0F21A53038007888B3 /* Home_VC.swift */,
				B1186C1021A53038007888B3 /* MediaViewController.swift */,
				B1186C1121A53038007888B3 /* SettingsViewController.swift */,
				B1186C1221A53038007888B3 /* SplitViewController.swift */,
				B1186C1321A53038007888B3 /* TabBarViewController.swift */,
			);
			path = "TabBar Classes";
			sourceTree = "<group>";
		};
		EB90BE0C4BF3F685611685B5 /* Frameworks */ = {
			isa = PBXGroup;
			children = (
				3CAC345540BDA0BD6E50EC6F /* Pods_Audit.framework */,
			);
			name = Frameworks;
			sourceTree = "<group>";
		};
/* End PBXGroup section */

/* Begin PBXNativeTarget section */
		04C020B0216C7F0700BDAC93 /* Audit */ = {
			isa = PBXNativeTarget;
			buildConfigurationList = 04C020C6216C7F0800BDAC93 /* Build configuration list for PBXNativeTarget "Audit" */;
			buildPhases = (
				61AF41D3106444E6A5E0F3D2 /* [CP] Check Pods Manifest.lock */,
				04C020AD216C7F0700BDAC93 /* Sources */,
				04C020AE216C7F0700BDAC93 /* Frameworks */,
				04C020AF216C7F0700BDAC93 /* Resources */,
				717F0E60E8A163143439F60D /* [CP] Embed Pods Frameworks */,
			);
			buildRules = (
			);
			dependencies = (
			);
			name = Audit;
			productName = Audit;
			productReference = 04C020B1216C7F0700BDAC93 /* Audit.app */;
			productType = "com.apple.product-type.application";
		};
/* End PBXNativeTarget section */

/* Begin PBXProject section */
		04C020A9216C7F0700BDAC93 /* Project object */ = {
			isa = PBXProject;
			attributes = {
				LastSwiftUpdateCheck = 0940;
				LastUpgradeCheck = 0940;
				ORGANIZATIONNAME = Mac;
				TargetAttributes = {
					04C020B0216C7F0700BDAC93 = {
						CreatedOnToolsVersion = 9.4;
						SystemCapabilities = {
							com.apple.BackgroundModes = {
								enabled = 1;
							};
							com.apple.Push = {
								enabled = 1;
							};
						};
					};
				};
			};
			buildConfigurationList = 04C020AC216C7F0700BDAC93 /* Build configuration list for PBXProject "Audit" */;
			compatibilityVersion = "Xcode 9.3";
			developmentRegion = en;
			hasScannedForEncodings = 0;
			knownRegions = (
				en,
				Base,
				ar,
			);
			mainGroup = 04C020A8216C7F0700BDAC93;
			productRefGroup = 04C020B2216C7F0700BDAC93 /* Products */;
			projectDirPath = "";
			projectRoot = "";
			targets = (
				04C020B0216C7F0700BDAC93 /* Audit */,
			);
		};
/* End PBXProject section */

/* Begin PBXResourcesBuildPhase section */
		04C020AF216C7F0700BDAC93 /* Resources */ = {
			isa = PBXResourcesBuildPhase;
			buildActionMask = 2147483647;
			files = (
				B1186C4521A53039007888B3 /* OpenSans-SemiBold.ttf in Resources */,
				04C020C2216C7F0800BDAC93 /* LaunchScreen.storyboard in Resources */,
				B1186C7121A53039007888B3 /* LocationHeaderView.xib in Resources */,
				04C020BF216C7F0800BDAC93 /* Assets.xcassets in Resources */,
				B1186C3F21A53039007888B3 /* Localizable.strings in Resources */,
				B1186C4321A53039007888B3 /* OpenSans-Light.ttf in Resources */,
				B1186B8721A5302E007888B3 /* UI.storyboard in Resources */,
				B1186C4421A53039007888B3 /* OpenSans-Regular.ttf in Resources */,
				04C020BA216C7F0700BDAC93 /* Main.storyboard in Resources */,
				B1186C3121A53038007888B3 /* LICENSE.md in Resources */,
				B1186C3021A53038007888B3 /* IQKeyboardManager.bundle in Resources */,
				B1186C4221A53039007888B3 /* OpenSans-ExtraBold.ttf in Resources */,
				B1186B8621A5302E007888B3 /* Home.storyboard in Resources */,
				B1186C4121A53039007888B3 /* OpenSans-Bold.ttf in Resources */,
				B1186B8821A5302E007888B3 /* BuiltAudit.storyboard in Resources */,
				B1186C4021A53039007888B3 /* AuditAppDB.db in Resources */,
			);
			runOnlyForDeploymentPostprocessing = 0;
		};
/* End PBXResourcesBuildPhase section */

/* Begin PBXShellScriptBuildPhase section */
		61AF41D3106444E6A5E0F3D2 /* [CP] Check Pods Manifest.lock */ = {
			isa = PBXShellScriptBuildPhase;
			buildActionMask = 2147483647;
			files = (
			);
			inputPaths = (
				"${PODS_PODFILE_DIR_PATH}/Podfile.lock",
				"${PODS_ROOT}/Manifest.lock",
			);
			name = "[CP] Check Pods Manifest.lock";
			outputPaths = (
				"$(DERIVED_FILE_DIR)/Pods-Audit-checkManifestLockResult.txt",
			);
			runOnlyForDeploymentPostprocessing = 0;
			shellPath = /bin/sh;
			shellScript = "diff \"${PODS_PODFILE_DIR_PATH}/Podfile.lock\" \"${PODS_ROOT}/Manifest.lock\" > /dev/null\nif [ $? != 0 ] ; then\n    # print error to STDERR\n    echo \"error: The sandbox is not in sync with the Podfile.lock. Run 'pod install' or update your CocoaPods installation.\" >&2\n    exit 1\nfi\n# This output is used by Xcode 'outputs' to avoid re-running this script phase.\necho \"SUCCESS\" > \"${SCRIPT_OUTPUT_FILE_0}\"\n";
			showEnvVarsInLog = 0;
		};
		717F0E60E8A163143439F60D /* [CP] Embed Pods Frameworks */ = {
			isa = PBXShellScriptBuildPhase;
			buildActionMask = 2147483647;
			files = (
			);
			inputPaths = (
				"${SRCROOT}/Pods/Target Support Files/Pods-Audit/Pods-Audit-frameworks.sh",
				"${BUILT_PRODUCTS_DIR}/SDWebImage/SDWebImage.framework",
				"${BUILT_PRODUCTS_DIR}/SVProgressHUD/SVProgressHUD.framework",
				"${BUILT_PRODUCTS_DIR}/iOSPhotoEditor/iOSPhotoEditor.framework",
			);
			name = "[CP] Embed Pods Frameworks";
			outputPaths = (
				"${TARGET_BUILD_DIR}/${FRAMEWORKS_FOLDER_PATH}/SDWebImage.framework",
				"${TARGET_BUILD_DIR}/${FRAMEWORKS_FOLDER_PATH}/SVProgressHUD.framework",
				"${TARGET_BUILD_DIR}/${FRAMEWORKS_FOLDER_PATH}/iOSPhotoEditor.framework",
			);
			runOnlyForDeploymentPostprocessing = 0;
			shellPath = /bin/sh;
			shellScript = "\"${SRCROOT}/Pods/Target Support Files/Pods-Audit/Pods-Audit-frameworks.sh\"\n";
			showEnvVarsInLog = 0;
		};
/* End PBXShellScriptBuildPhase section */

/* Begin PBXSourcesBuildPhase section */
		04C020AD216C7F0700BDAC93 /* Sources */ = {
			isa = PBXSourcesBuildPhase;
			buildActionMask = 2147483647;
			files = (
				04831F1821A56C10003011C0 /* Location_NewCell.swift in Sources */,
				B1186C7721A53039007888B3 /* menu_cell.swift in Sources */,
				B1186C1A21A53038007888B3 /* FileDownloaderManager.swift in Sources */,
				B1186C8321A53039007888B3 /* WebContentViewController.swift in Sources */,
				B1186C8021A53039007888B3 /* TabBarViewController.swift in Sources */,
				B1186C1721A53038007888B3 /* ConstantsClass.swift in Sources */,
				B1186C5A21A53039007888B3 /* MyAuditListModel.swift in Sources */,
				B1186C7021A53039007888B3 /* ForgotPassword_VC.swift in Sources */,
				B1186C4F21A53039007888B3 /* NotificationCell.swift in Sources */,
				B1186C4921A53039007888B3 /* FileDownloaderCell.swift in Sources */,
				B1186C4721A53039007888B3 /* AppDelegate.swift in Sources */,
				B1186C2B21A53038007888B3 /* IQBarButtonItem.swift in Sources */,
				B1186C3B21A53039007888B3 /* DesignableTextFiled.swift in Sources */,
				B1186C7E21A53039007888B3 /* SettingsViewController.swift in Sources */,
				B1186C1821A53038007888B3 /* DateClassFunctions.swift in Sources */,
				B1186C2321A53038007888B3 /* IQUIView+Hierarchy.swift in Sources */,
				B1186C1921A53038007888B3 /* Extensions.swift in Sources */,
				B1186C2921A53038007888B3 /* IQKeyboardReturnKeyHandler.swift in Sources */,
				B1186C2121A53038007888B3 /* IQUIScrollView+Additions.swift in Sources */,
				B1186C7921A53039007888B3 /* AuditViewController.swift in Sources */,
				B1186C7321A53039007888B3 /* MenuViewController.swift in Sources */,
				B1186C4B21A53039007888B3 /* FolderCountCell.swift in Sources */,
				B1186C7A21A53039007888B3 /* ChatListViewController.swift in Sources */,
				B1186C2D21A53038007888B3 /* IQTitleBarButtonItem.swift in Sources */,
				B1186C3E21A53039007888B3 /* Validation.swift in Sources */,
				B1186C2021A53038007888B3 /* IQNSArray+Sort.swift in Sources */,
				B1186C2821A53038007888B3 /* IQKeyboardManager.swift in Sources */,
				B1186C6F21A53039007888B3 /* EditProfileViewController.swift in Sources */,
				B1186C4D21A53039007888B3 /* LocationHeaderView.swift in Sources */,
				B1186C5F21A53039007888B3 /* AuditOverViewController.swift in Sources */,
				B1186C5121A53039007888B3 /* ReportViewCell.swift in Sources */,
				B1186C1B21A53038007888B3 /* SqliteDB.swift in Sources */,
				B1186C5321A53039007888B3 /* AuditModel.swift in Sources */,
				B1186C3421A53038007888B3 /* NSBundle+Localization.m in Sources */,
				B1186C2E21A53038007888B3 /* IQToolbar.swift in Sources */,
				B1186C1F21A53038007888B3 /* WebServices.swift in Sources */,
				B1186C2621A53038007888B3 /* IQKeyboardManagerConstants.swift in Sources */,
				B1186C5C21A53039007888B3 /* ReportModel.swift in Sources */,
				04831F1521A56BEE003011C0 /* ITEMS.swift in Sources */,
				B1186C3A21A53039007888B3 /* Alertview.swift in Sources */,
				B1186C7F21A53039007888B3 /* SplitViewController.swift in Sources */,
				B1186C4E21A53039007888B3 /* MyAuditCell.swift in Sources */,
				B1186C2721A53038007888B3 /* IQKeyboardManagerConstantsInternal.swift in Sources */,
				B1186C4821A53039007888B3 /* BuiltLocationCell.swift in Sources */,
				04831F1621A56BEE003011C0 /* SectionModel.swift in Sources */,
				B1186C5921A53039007888B3 /* ModuleModel.swift in Sources */,
				B1186C7C21A53039007888B3 /* Home_VC.swift in Sources */,
				B1186C1D21A53038007888B3 /* ValidationMessages.swift in Sources */,
				B1186C7D21A53039007888B3 /* MediaViewController.swift in Sources */,
				B1186C2F21A53038007888B3 /* IQUIView+IQKeyboardToolbar.swift in Sources */,
				B1186C3D21A53039007888B3 /* HexColor.swift in Sources */,
				B1186C5821A53039007888B3 /* LocationModel.swift in Sources */,
				B1186C8121A53039007888B3 /* ThankYouViewController.swift in Sources */,
				B1186C7621A53039007888B3 /* ReportListViewController.swift in Sources */,
				B1186C6021A53039007888B3 /* BuiltAuditViewController.swift in Sources */,
				B1186C1E21A53038007888B3 /* WebServiceClass.swift in Sources */,
				B1186C7521A53039007888B3 /* NotificationListViewController.swift in Sources */,
				B1186C7421A53039007888B3 /* NotificationDetailViewController.swift in Sources */,
				B1186C2421A53038007888B3 /* IQUIViewController+Additions.swift in Sources */,
				B1186C4C21A53039007888B3 /* LocationCell.swift in Sources */,
				B1186C5B21A53039007888B3 /* NotificationModel.swift in Sources */,
				B1186C8221A53039007888B3 /* UserProfileViewController.swift in Sources */,
				B1186C5621A53039007888B3 /* FolderCounterModel.swift in Sources */,
				B1186C2C21A53038007888B3 /* IQPreviousNextView.swift in Sources */,
				B1186C1C21A53038007888B3 /* SupportingFunctions.swift in Sources */,
				B1186C2221A53038007888B3 /* IQUITextFieldView+Additions.swift in Sources */,
				B1186C3C21A53039007888B3 /* view_style.swift in Sources */,
				B1186C7B21A53039007888B3 /* DraftsViewController.swift in Sources */,
				B1186C3321A53038007888B3 /* BundleLocalization.m in Sources */,
				B1186C5021A53039007888B3 /* ProfileViewCell.swift in Sources */,
				B1186C2521A53038007888B3 /* IQUIWindow+Hierarchy.swift in Sources */,
				B1186C6221A53039007888B3 /* ChangePasswordViewController.swift in Sources */,
				04831F1121A56B85003011C0 /* LocationViewController.swift in Sources */,
				B1186C5721A53039007888B3 /* LocationFolderModel.swift in Sources */,
				B1186C5421A53039007888B3 /* CategoriesModel.swift in Sources */,
				B1186C5D21A53039007888B3 /* SubLocationModel.swift in Sources */,
				B1186C7221A53039007888B3 /* Login_VC.swift in Sources */,
				04831F1A21A56C9F003011C0 /* CollapsibleTableViewHeader.swift in Sources */,
				B1186C5221A53039007888B3 /* SettingsViewCell.swift in Sources */,
				B1186C2A21A53038007888B3 /* IQTextView.swift in Sources */,
				B1186C5E21A53039007888B3 /* UserProfileModel.swift in Sources */,
				B1186C6321A53039007888B3 /* ContactUsViewController.swift in Sources */,
			);
			runOnlyForDeploymentPostprocessing = 0;
		};
/* End PBXSourcesBuildPhase section */

/* Begin PBXVariantGroup section */
		04C020B8216C7F0700BDAC93 /* Main.storyboard */ = {
			isa = PBXVariantGroup;
			children = (
				04C020B9216C7F0700BDAC93 /* Base */,
			);
			name = Main.storyboard;
			sourceTree = "<group>";
		};
		04C020C0216C7F0800BDAC93 /* LaunchScreen.storyboard */ = {
			isa = PBXVariantGroup;
			children = (
				04C020C1216C7F0800BDAC93 /* Base */,
			);
			name = LaunchScreen.storyboard;
			sourceTree = "<group>";
		};
		B1186B8021A5302E007888B3 /* Home.storyboard */ = {
			isa = PBXVariantGroup;
			children = (
				B1186B8121A5302E007888B3 /* Base */,
			);
			name = Home.storyboard;
			sourceTree = "<group>";
		};
		B1186B8221A5302E007888B3 /* UI.storyboard */ = {
			isa = PBXVariantGroup;
			children = (
				B1186B8321A5302E007888B3 /* Base */,
			);
			name = UI.storyboard;
			sourceTree = "<group>";
		};
		B1186B8421A5302E007888B3 /* BuiltAudit.storyboard */ = {
			isa = PBXVariantGroup;
			children = (
				B1186B8521A5302E007888B3 /* Base */,
			);
			name = BuiltAudit.storyboard;
			sourceTree = "<group>";
		};
		B1186BC121A53038007888B3 /* Localizable.strings */ = {
			isa = PBXVariantGroup;
			children = (
				B1186BC221A53038007888B3 /* ar */,
				B1186BC621A53038007888B3 /* en */,
			);
			name = Localizable.strings;
			sourceTree = "<group>";
		};
/* End PBXVariantGroup section */

/* Begin XCBuildConfiguration section */
		04C020C4216C7F0800BDAC93 /* Debug */ = {
			isa = XCBuildConfiguration;
			buildSettings = {
				ALWAYS_SEARCH_USER_PATHS = NO;
				CLANG_ANALYZER_LOCALIZABILITY_NONLOCALIZED = YES;
				CLANG_ANALYZER_NONNULL = YES;
				CLANG_ANALYZER_NUMBER_OBJECT_CONVERSION = YES_AGGRESSIVE;
				CLANG_CXX_LANGUAGE_STANDARD = "gnu++14";
				CLANG_CXX_LIBRARY = "libc++";
				CLANG_ENABLE_MODULES = YES;
				CLANG_ENABLE_OBJC_ARC = YES;
				CLANG_ENABLE_OBJC_WEAK = YES;
				CLANG_WARN_BLOCK_CAPTURE_AUTORELEASING = YES;
				CLANG_WARN_BOOL_CONVERSION = YES;
				CLANG_WARN_COMMA = YES;
				CLANG_WARN_CONSTANT_CONVERSION = YES;
				CLANG_WARN_DEPRECATED_OBJC_IMPLEMENTATIONS = YES;
				CLANG_WARN_DIRECT_OBJC_ISA_USAGE = YES_ERROR;
				CLANG_WARN_DOCUMENTATION_COMMENTS = YES;
				CLANG_WARN_EMPTY_BODY = YES;
				CLANG_WARN_ENUM_CONVERSION = YES;
				CLANG_WARN_INFINITE_RECURSION = YES;
				CLANG_WARN_INT_CONVERSION = YES;
				CLANG_WARN_NON_LITERAL_NULL_CONVERSION = YES;
				CLANG_WARN_OBJC_IMPLICIT_RETAIN_SELF = YES;
				CLANG_WARN_OBJC_LITERAL_CONVERSION = YES;
				CLANG_WARN_OBJC_ROOT_CLASS = YES_ERROR;
				CLANG_WARN_RANGE_LOOP_ANALYSIS = YES;
				CLANG_WARN_STRICT_PROTOTYPES = YES;
				CLANG_WARN_SUSPICIOUS_MOVE = YES;
				CLANG_WARN_UNGUARDED_AVAILABILITY = YES_AGGRESSIVE;
				CLANG_WARN_UNREACHABLE_CODE = YES;
				CLANG_WARN__DUPLICATE_METHOD_MATCH = YES;
				CODE_SIGN_IDENTITY = "iPhone Developer";
				COPY_PHASE_STRIP = NO;
				DEBUG_INFORMATION_FORMAT = dwarf;
				ENABLE_STRICT_OBJC_MSGSEND = YES;
				ENABLE_TESTABILITY = YES;
				GCC_C_LANGUAGE_STANDARD = gnu11;
				GCC_DYNAMIC_NO_PIC = NO;
				GCC_NO_COMMON_BLOCKS = YES;
				GCC_OPTIMIZATION_LEVEL = 0;
				GCC_PREPROCESSOR_DEFINITIONS = (
					"DEBUG=1",
					"$(inherited)",
				);
				GCC_WARN_64_TO_32_BIT_CONVERSION = YES;
				GCC_WARN_ABOUT_RETURN_TYPE = YES_ERROR;
				GCC_WARN_UNDECLARED_SELECTOR = YES;
				GCC_WARN_UNINITIALIZED_AUTOS = YES_AGGRESSIVE;
				GCC_WARN_UNUSED_FUNCTION = YES;
				GCC_WARN_UNUSED_VARIABLE = YES;
				IPHONEOS_DEPLOYMENT_TARGET = 11.4;
				MTL_ENABLE_DEBUG_INFO = YES;
				ONLY_ACTIVE_ARCH = YES;
				SDKROOT = iphoneos;
				SWIFT_ACTIVE_COMPILATION_CONDITIONS = DEBUG;
				SWIFT_OPTIMIZATION_LEVEL = "-Onone";
			};
			name = Debug;
		};
		04C020C5216C7F0800BDAC93 /* Release */ = {
			isa = XCBuildConfiguration;
			buildSettings = {
				ALWAYS_SEARCH_USER_PATHS = NO;
				CLANG_ANALYZER_LOCALIZABILITY_NONLOCALIZED = YES;
				CLANG_ANALYZER_NONNULL = YES;
				CLANG_ANALYZER_NUMBER_OBJECT_CONVERSION = YES_AGGRESSIVE;
				CLANG_CXX_LANGUAGE_STANDARD = "gnu++14";
				CLANG_CXX_LIBRARY = "libc++";
				CLANG_ENABLE_MODULES = YES;
				CLANG_ENABLE_OBJC_ARC = YES;
				CLANG_ENABLE_OBJC_WEAK = YES;
				CLANG_WARN_BLOCK_CAPTURE_AUTORELEASING = YES;
				CLANG_WARN_BOOL_CONVERSION = YES;
				CLANG_WARN_COMMA = YES;
				CLANG_WARN_CONSTANT_CONVERSION = YES;
				CLANG_WARN_DEPRECATED_OBJC_IMPLEMENTATIONS = YES;
				CLANG_WARN_DIRECT_OBJC_ISA_USAGE = YES_ERROR;
				CLANG_WARN_DOCUMENTATION_COMMENTS = YES;
				CLANG_WARN_EMPTY_BODY = YES;
				CLANG_WARN_ENUM_CONVERSION = YES;
				CLANG_WARN_INFINITE_RECURSION = YES;
				CLANG_WARN_INT_CONVERSION = YES;
				CLANG_WARN_NON_LITERAL_NULL_CONVERSION = YES;
				CLANG_WARN_OBJC_IMPLICIT_RETAIN_SELF = YES;
				CLANG_WARN_OBJC_LITERAL_CONVERSION = YES;
				CLANG_WARN_OBJC_ROOT_CLASS = YES_ERROR;
				CLANG_WARN_RANGE_LOOP_ANALYSIS = YES;
				CLANG_WARN_STRICT_PROTOTYPES = YES;
				CLANG_WARN_SUSPICIOUS_MOVE = YES;
				CLANG_WARN_UNGUARDED_AVAILABILITY = YES_AGGRESSIVE;
				CLANG_WARN_UNREACHABLE_CODE = YES;
				CLANG_WARN__DUPLICATE_METHOD_MATCH = YES;
				CODE_SIGN_IDENTITY = "iPhone Developer";
				COPY_PHASE_STRIP = NO;
				DEBUG_INFORMATION_FORMAT = "dwarf-with-dsym";
				ENABLE_NS_ASSERTIONS = NO;
				ENABLE_STRICT_OBJC_MSGSEND = YES;
				GCC_C_LANGUAGE_STANDARD = gnu11;
				GCC_NO_COMMON_BLOCKS = YES;
				GCC_WARN_64_TO_32_BIT_CONVERSION = YES;
				GCC_WARN_ABOUT_RETURN_TYPE = YES_ERROR;
				GCC_WARN_UNDECLARED_SELECTOR = YES;
				GCC_WARN_UNINITIALIZED_AUTOS = YES_AGGRESSIVE;
				GCC_WARN_UNUSED_FUNCTION = YES;
				GCC_WARN_UNUSED_VARIABLE = YES;
				IPHONEOS_DEPLOYMENT_TARGET = 11.4;
				MTL_ENABLE_DEBUG_INFO = NO;
				SDKROOT = iphoneos;
				SWIFT_COMPILATION_MODE = wholemodule;
				SWIFT_OPTIMIZATION_LEVEL = "-O";
				VALIDATE_PRODUCT = YES;
			};
			name = Release;
		};
		04C020C7216C7F0800BDAC93 /* Debug */ = {
			isa = XCBuildConfiguration;
			baseConfigurationReference = 70DED533DCCC1CE85A039CA4 /* Pods-Audit.debug.xcconfig */;
			buildSettings = {
				ASSETCATALOG_COMPILER_APPICON_NAME = AppIcon;
				ASSETCATALOG_COMPILER_LAUNCHIMAGE_NAME = LaunchImage;
				CODE_SIGN_ENTITLEMENTS = Audit/Audit.entitlements;
				CODE_SIGN_IDENTITY = "iPhone Developer";
				CODE_SIGN_STYLE = Automatic;
				DEVELOPMENT_TEAM = C89BPKPZCK;
				INFOPLIST_FILE = "Audit/Supporting Files/Info.plist";
				IPHONEOS_DEPLOYMENT_TARGET = 9.0;
				LD_RUNPATH_SEARCH_PATHS = (
					"$(inherited)",
					"@executable_path/Frameworks",
				);
				PRODUCT_BUNDLE_IDENTIFIER = Covetus.Audit;
				PRODUCT_MODULE_NAME = Access4MII;
				PRODUCT_NAME = "$(TARGET_NAME)";
				PROVISIONING_PROFILE = "";
				PROVISIONING_PROFILE_SPECIFIER = "";
				SWIFT_OBJC_BRIDGING_HEADER = "Audit/Supporting Files/Audit-Bridging-Header.h";
				SWIFT_VERSION = 4.0;
				TARGETED_DEVICE_FAMILY = 2;
			};
			name = Debug;
		};
		04C020C8216C7F0800BDAC93 /* Release */ = {
			isa = XCBuildConfiguration;
			baseConfigurationReference = CCDA1F77CF4C707AB4BC6CF2 /* Pods-Audit.release.xcconfig */;
			buildSettings = {
				ASSETCATALOG_COMPILER_APPICON_NAME = AppIcon;
				ASSETCATALOG_COMPILER_LAUNCHIMAGE_NAME = LaunchImage;
				CODE_SIGN_ENTITLEMENTS = Audit/Audit.entitlements;
				CODE_SIGN_IDENTITY = "iPhone Developer";
				CODE_SIGN_STYLE = Automatic;
				DEVELOPMENT_TEAM = C89BPKPZCK;
				INFOPLIST_FILE = "Audit/Supporting Files/Info.plist";
				IPHONEOS_DEPLOYMENT_TARGET = 9.0;
				LD_RUNPATH_SEARCH_PATHS = (
					"$(inherited)",
					"@executable_path/Frameworks",
				);
				PRODUCT_BUNDLE_IDENTIFIER = Covetus.Audit;
				PRODUCT_MODULE_NAME = Access4MII;
				PRODUCT_NAME = "$(TARGET_NAME)";
				PROVISIONING_PROFILE_SPECIFIER = "";
				SWIFT_OBJC_BRIDGING_HEADER = "Audit/Supporting Files/Audit-Bridging-Header.h";
				SWIFT_VERSION = 4.0;
				TARGETED_DEVICE_FAMILY = 2;
			};
			name = Release;
		};
/* End XCBuildConfiguration section */

/* Begin XCConfigurationList section */
		04C020AC216C7F0700BDAC93 /* Build configuration list for PBXProject "Audit" */ = {
			isa = XCConfigurationList;
			buildConfigurations = (
				04C020C4216C7F0800BDAC93 /* Debug */,
				04C020C5216C7F0800BDAC93 /* Release */,
			);
			defaultConfigurationIsVisible = 0;
			defaultConfigurationName = Release;
		};
		04C020C6216C7F0800BDAC93 /* Build configuration list for PBXNativeTarget "Audit" */ = {
			isa = XCConfigurationList;
			buildConfigurations = (
				04C020C7216C7F0800BDAC93 /* Debug */,
				04C020C8216C7F0800BDAC93 /* Release */,
			);
			defaultConfigurationIsVisible = 0;
			defaultConfigurationName = Release;
		};
/* End XCConfigurationList section */
	};
	rootObject = 04C020A9216C7F0700BDAC93 /* Project object */;
}
